// !$*UTF8*$!
{
	archiveVersion = 1;
	classes = {
	};
	objectVersion = 50;
	objects = {

/* Begin PBXBuildFile section */
		BA39B51D25FA38C200907939 /* Faust2AudioKitExampleApp.swift in Sources */ = {isa = PBXBuildFile; fileRef = BAFE6D1925E7AFB10020DADA /* Faust2AudioKitExampleApp.swift */; };
		BA39B51F25FA38C500907939 /* ContentView.swift in Sources */ = {isa = PBXBuildFile; fileRef = BAFE6D1B25E7AFB10020DADA /* ContentView.swift */; };
		BA39B52125FA38C800907939 /* MyOsc.dsp in Resources */ = {isa = PBXBuildFile; fileRef = BA39B50125FA293600907939 /* MyOsc.dsp */; };
		BA39B52325FA38CB00907939 /* FaustDSP.mm in Sources */ = {isa = PBXBuildFile; fileRef = BA39B50925FA2A4600907939 /* FaustDSP.mm */; };
		BA39B52525FA38CD00907939 /* FaustMyOsc.swift in Sources */ = {isa = PBXBuildFile; fileRef = BA39B50A25FA2A4600907939 /* FaustMyOsc.swift */; };
		BAFE6D1E25E7AFB30020DADA /* Assets.xcassets in Resources */ = {isa = PBXBuildFile; fileRef = BAFE6D1D25E7AFB30020DADA /* Assets.xcassets */; };
		BAFE6D2125E7AFB30020DADA /* Preview Assets.xcassets in Resources */ = {isa = PBXBuildFile; fileRef = BAFE6D2025E7AFB30020DADA /* Preview Assets.xcassets */; };
/* End PBXBuildFile section */

/* Begin PBXFileReference section */
		BA39B50125FA293600907939 /* MyOsc.dsp */ = {isa = PBXFileReference; fileEncoding = 4; lastKnownFileType = text; path = MyOsc.dsp; sourceTree = "<group>"; };
		BA39B50925FA2A4600907939 /* FaustDSP.mm */ = {isa = PBXFileReference; fileEncoding = 4; lastKnownFileType = sourcecode.cpp.objcpp; path = FaustDSP.mm; sourceTree = "<group>"; };
		BA39B50A25FA2A4600907939 /* FaustMyOsc.swift */ = {isa = PBXFileReference; fileEncoding = 4; lastKnownFileType = sourcecode.swift; path = FaustMyOsc.swift; sourceTree = "<group>"; };
		BAFE6D1625E7AFB10020DADA /* Faust2AudioKitExample.app */ = {isa = PBXFileReference; explicitFileType = wrapper.application; includeInIndex = 0; path = Faust2AudioKitExample.app; sourceTree = BUILT_PRODUCTS_DIR; };
		BAFE6D1925E7AFB10020DADA /* Faust2AudioKitExampleApp.swift */ = {isa = PBXFileReference; lastKnownFileType = sourcecode.swift; path = Faust2AudioKitExampleApp.swift; sourceTree = "<group>"; };
		BAFE6D1B25E7AFB10020DADA /* ContentView.swift */ = {isa = PBXFileReference; lastKnownFileType = sourcecode.swift; path = ContentView.swift; sourceTree = "<group>"; };
		BAFE6D1D25E7AFB30020DADA /* Assets.xcassets */ = {isa = PBXFileReference; lastKnownFileType = folder.assetcatalog; path = Assets.xcassets; sourceTree = "<group>"; };
		BAFE6D2025E7AFB30020DADA /* Preview Assets.xcassets */ = {isa = PBXFileReference; lastKnownFileType = folder.assetcatalog; path = "Preview Assets.xcassets"; sourceTree = "<group>"; };
		BAFE6D2225E7AFB30020DADA /* Info.plist */ = {isa = PBXFileReference; lastKnownFileType = text.plist.xml; path = Info.plist; sourceTree = "<group>"; };
/* End PBXFileReference section */

/* Begin PBXFrameworksBuildPhase section */
		BAFE6D1325E7AFB10020DADA /* Frameworks */ = {
			isa = PBXFrameworksBuildPhase;
			buildActionMask = 2147483647;
			files = (
			);
			runOnlyForDeploymentPostprocessing = 0;
		};
/* End PBXFrameworksBuildPhase section */

/* Begin PBXGroup section */
		BAFE6D0D25E7AFB10020DADA = {
			isa = PBXGroup;
			children = (
				BAFE6D1825E7AFB10020DADA /* Faust2AudioKitExample */,
				BAFE6D1725E7AFB10020DADA /* Products */,
				BAFE6D3225E7B3580020DADA /* Frameworks */,
			);
			sourceTree = "<group>";
		};
		BAFE6D1725E7AFB10020DADA /* Products */ = {
			isa = PBXGroup;
			children = (
				BAFE6D1625E7AFB10020DADA /* Faust2AudioKitExample.app */,
			);
			name = Products;
			sourceTree = "<group>";
		};
		BAFE6D1825E7AFB10020DADA /* Faust2AudioKitExample */ = {
			isa = PBXGroup;
			children = (
				BAFE6D1925E7AFB10020DADA /* Faust2AudioKitExampleApp.swift */,
				BAFE6D1B25E7AFB10020DADA /* ContentView.swift */,
				BA39B50125FA293600907939 /* MyOsc.dsp */,
				BA39B50925FA2A4600907939 /* FaustDSP.mm */,
				BA39B50A25FA2A4600907939 /* FaustMyOsc.swift */,
				BAFE6D1F25E7AFB30020DADA /* Preview Content */,
				BAFE6D2225E7AFB30020DADA /* Info.plist */,
				BAFE6D1D25E7AFB30020DADA /* Assets.xcassets */,
			);
			path = Faust2AudioKitExample;
			sourceTree = "<group>";
		};
		BAFE6D1F25E7AFB30020DADA /* Preview Content */ = {
			isa = PBXGroup;
			children = (
				BAFE6D2025E7AFB30020DADA /* Preview Assets.xcassets */,
			);
			path = "Preview Content";
			sourceTree = "<group>";
		};
		BAFE6D3225E7B3580020DADA /* Frameworks */ = {
			isa = PBXGroup;
			children = (
			);
			name = Frameworks;
			sourceTree = "<group>";
		};
/* End PBXGroup section */

/* Begin PBXNativeTarget section */
		BAFE6D1525E7AFB10020DADA /* Faust2AudioKitExample */ = {
			isa = PBXNativeTarget;
			buildConfigurationList = BAFE6D2525E7AFB30020DADA /* Build configuration list for PBXNativeTarget "Faust2AudioKitExample" */;
			buildPhases = (
				BAFE6D1225E7AFB10020DADA /* Sources */,
				BAFE6D1325E7AFB10020DADA /* Frameworks */,
				BAFE6D1425E7AFB10020DADA /* Resources */,
			);
			buildRules = (
			);
			dependencies = (
				BA39B53125FA3C9400907939 /* PBXTargetDependency */,
			);
			name = Faust2AudioKitExample;
			packageProductDependencies = (
			);
			productName = Faust2AudioKitExample;
			productReference = BAFE6D1625E7AFB10020DADA /* Faust2AudioKitExample.app */;
			productType = "com.apple.product-type.application";
		};
/* End PBXNativeTarget section */

/* Begin PBXProject section */
		BAFE6D0E25E7AFB10020DADA /* Project object */ = {
			isa = PBXProject;
			attributes = {
				LastSwiftUpdateCheck = 1240;
				LastUpgradeCheck = 1240;
				TargetAttributes = {
					BAFE6D1525E7AFB10020DADA = {
						CreatedOnToolsVersion = 12.4;
						LastSwiftMigration = 1240;
					};
				};
			};
			buildConfigurationList = BAFE6D1125E7AFB10020DADA /* Build configuration list for PBXProject "Faust2AudioKitExample" */;
			compatibilityVersion = "Xcode 9.3";
			developmentRegion = en;
			hasScannedForEncodings = 0;
			knownRegions = (
				en,
				Base,
			);
			mainGroup = BAFE6D0D25E7AFB10020DADA;
			packageReferences = (
			);
			productRefGroup = BAFE6D1725E7AFB10020DADA /* Products */;
			projectDirPath = "";
			projectRoot = "";
			targets = (
				BAFE6D1525E7AFB10020DADA /* Faust2AudioKitExample */,
			);
		};
/* End PBXProject section */

/* Begin PBXResourcesBuildPhase section */
		BAFE6D1425E7AFB10020DADA /* Resources */ = {
			isa = PBXResourcesBuildPhase;
			buildActionMask = 2147483647;
			files = (
				BA39B52125FA38C800907939 /* MyOsc.dsp in Resources */,
				BAFE6D2125E7AFB30020DADA /* Preview Assets.xcassets in Resources */,
				BAFE6D1E25E7AFB30020DADA /* Assets.xcassets in Resources */,
			);
			runOnlyForDeploymentPostprocessing = 0;
		};
/* End PBXResourcesBuildPhase section */

/* Begin PBXSourcesBuildPhase section */
		BAFE6D1225E7AFB10020DADA /* Sources */ = {
			isa = PBXSourcesBuildPhase;
			buildActionMask = 2147483647;
			files = (
				BA39B52325FA38CB00907939 /* FaustDSP.mm in Sources */,
				BA39B52525FA38CD00907939 /* FaustMyOsc.swift in Sources */,
				BA39B51F25FA38C500907939 /* ContentView.swift in Sources */,
				BA39B51D25FA38C200907939 /* Faust2AudioKitExampleApp.swift in Sources */,
			);
			runOnlyForDeploymentPostprocessing = 0;
		};
/* End PBXSourcesBuildPhase section */

/* Begin PBXTargetDependency section */
		BA39B53125FA3C9400907939 /* PBXTargetDependency */ = {
			isa = PBXTargetDependency;
			productRef = BA39B53025FA3C9400907939 /* AudioKit */;
		};
/* End PBXTargetDependency section */

/* Begin XCBuildConfiguration section */
		BAFE6D2325E7AFB30020DADA /* Debug */ = {
			isa = XCBuildConfiguration;
			buildSettings = {
				ALWAYS_SEARCH_USER_PATHS = NO;
				CLANG_ANALYZER_NONNULL = YES;
				CLANG_ANALYZER_NUMBER_OBJECT_CONVERSION = YES_AGGRESSIVE;
				CLANG_CXX_LANGUAGE_STANDARD = "gnu++14";
				CLANG_CXX_LIBRARY = "libc++";
				CLANG_ENABLE_MODULES = YES;
				CLANG_ENABLE_OBJC_ARC = YES;
				CLANG_ENABLE_OBJC_WEAK = YES;
				CLANG_WARN_BLOCK_CAPTURE_AUTORELEASING = YES;
				CLANG_WARN_BOOL_CONVERSION = YES;
				CLANG_WARN_COMMA = YES;
				CLANG_WARN_CONSTANT_CONVERSION = YES;
				CLANG_WARN_DEPRECATED_OBJC_IMPLEMENTATIONS = YES;
				CLANG_WARN_DIRECT_OBJC_ISA_USAGE = YES_ERROR;
				CLANG_WARN_DOCUMENTATION_COMMENTS = YES;
				CLANG_WARN_EMPTY_BODY = YES;
				CLANG_WARN_ENUM_CONVERSION = YES;
				CLANG_WARN_INFINITE_RECURSION = YES;
				CLANG_WARN_INT_CONVERSION = YES;
				CLANG_WARN_NON_LITERAL_NULL_CONVERSION = YES;
				CLANG_WARN_OBJC_IMPLICIT_RETAIN_SELF = YES;
				CLANG_WARN_OBJC_LITERAL_CONVERSION = YES;
				CLANG_WARN_OBJC_ROOT_CLASS = YES_ERROR;
				CLANG_WARN_QUOTED_INCLUDE_IN_FRAMEWORK_HEADER = YES;
				CLANG_WARN_RANGE_LOOP_ANALYSIS = YES;
				CLANG_WARN_STRICT_PROTOTYPES = YES;
				CLANG_WARN_SUSPICIOUS_MOVE = YES;
				CLANG_WARN_UNGUARDED_AVAILABILITY = YES_AGGRESSIVE;
				CLANG_WARN_UNREACHABLE_CODE = YES;
				CLANG_WARN__DUPLICATE_METHOD_MATCH = YES;
				COPY_PHASE_STRIP = NO;
				DEBUG_INFORMATION_FORMAT = dwarf;
				ENABLE_STRICT_OBJC_MSGSEND = YES;
				ENABLE_TESTABILITY = YES;
				GCC_C_LANGUAGE_STANDARD = gnu11;
				GCC_DYNAMIC_NO_PIC = NO;
				GCC_NO_COMMON_BLOCKS = YES;
				GCC_OPTIMIZATION_LEVEL = 0;
				GCC_PREPROCESSOR_DEFINITIONS = (
					"DEBUG=1",
					"$(inherited)",
				);
				GCC_WARN_64_TO_32_BIT_CONVERSION = YES;
				GCC_WARN_ABOUT_RETURN_TYPE = YES_ERROR;
				GCC_WARN_UNDECLARED_SELECTOR = YES;
				GCC_WARN_UNINITIALIZED_AUTOS = YES_AGGRESSIVE;
				GCC_WARN_UNUSED_FUNCTION = YES;
				GCC_WARN_UNUSED_VARIABLE = YES;
				IPHONEOS_DEPLOYMENT_TARGET = 14.4;
				MTL_ENABLE_DEBUG_INFO = INCLUDE_SOURCE;
				MTL_FAST_MATH = YES;
				ONLY_ACTIVE_ARCH = YES;
				SDKROOT = iphoneos;
				SWIFT_ACTIVE_COMPILATION_CONDITIONS = DEBUG;
				SWIFT_OPTIMIZATION_LEVEL = "-Onone";
			};
			name = Debug;
		};
		BAFE6D2425E7AFB30020DADA /* Release */ = {
			isa = XCBuildConfiguration;
			buildSettings = {
				ALWAYS_SEARCH_USER_PATHS = NO;
				CLANG_ANALYZER_NONNULL = YES;
				CLANG_ANALYZER_NUMBER_OBJECT_CONVERSION = YES_AGGRESSIVE;
				CLANG_CXX_LANGUAGE_STANDARD = "gnu++14";
				CLANG_CXX_LIBRARY = "libc++";
				CLANG_ENABLE_MODULES = YES;
				CLANG_ENABLE_OBJC_ARC = YES;
				CLANG_ENABLE_OBJC_WEAK = YES;
				CLANG_WARN_BLOCK_CAPTURE_AUTORELEASING = YES;
				CLANG_WARN_BOOL_CONVERSION = YES;
				CLANG_WARN_COMMA = YES;
				CLANG_WARN_CONSTANT_CONVERSION = YES;
				CLANG_WARN_DEPRECATED_OBJC_IMPLEMENTATIONS = YES;
				CLANG_WARN_DIRECT_OBJC_ISA_USAGE = YES_ERROR;
				CLANG_WARN_DOCUMENTATION_COMMENTS = YES;
				CLANG_WARN_EMPTY_BODY = YES;
				CLANG_WARN_ENUM_CONVERSION = YES;
				CLANG_WARN_INFINITE_RECURSION = YES;
				CLANG_WARN_INT_CONVERSION = YES;
				CLANG_WARN_NON_LITERAL_NULL_CONVERSION = YES;
				CLANG_WARN_OBJC_IMPLICIT_RETAIN_SELF = YES;
				CLANG_WARN_OBJC_LITERAL_CONVERSION = YES;
				CLANG_WARN_OBJC_ROOT_CLASS = YES_ERROR;
				CLANG_WARN_QUOTED_INCLUDE_IN_FRAMEWORK_HEADER = YES;
				CLANG_WARN_RANGE_LOOP_ANALYSIS = YES;
				CLANG_WARN_STRICT_PROTOTYPES = YES;
				CLANG_WARN_SUSPICIOUS_MOVE = YES;
				CLANG_WARN_UNGUARDED_AVAILABILITY = YES_AGGRESSIVE;
				CLANG_WARN_UNREACHABLE_CODE = YES;
				CLANG_WARN__DUPLICATE_METHOD_MATCH = YES;
				COPY_PHASE_STRIP = NO;
				DEBUG_INFORMATION_FORMAT = "dwarf-with-dsym";
				ENABLE_NS_ASSERTIONS = NO;
				ENABLE_STRICT_OBJC_MSGSEND = YES;
				GCC_C_LANGUAGE_STANDARD = gnu11;
				GCC_NO_COMMON_BLOCKS = YES;
				GCC_WARN_64_TO_32_BIT_CONVERSION = YES;
				GCC_WARN_ABOUT_RETURN_TYPE = YES_ERROR;
				GCC_WARN_UNDECLARED_SELECTOR = YES;
				GCC_WARN_UNINITIALIZED_AUTOS = YES_AGGRESSIVE;
				GCC_WARN_UNUSED_FUNCTION = YES;
				GCC_WARN_UNUSED_VARIABLE = YES;
				IPHONEOS_DEPLOYMENT_TARGET = 14.4;
				MTL_ENABLE_DEBUG_INFO = NO;
				MTL_FAST_MATH = YES;
				SDKROOT = iphoneos;
				SWIFT_COMPILATION_MODE = wholemodule;
				SWIFT_OPTIMIZATION_LEVEL = "-O";
				VALIDATE_PRODUCT = YES;
			};
			name = Release;
		};
		BAFE6D2625E7AFB30020DADA /* Debug */ = {
			isa = XCBuildConfiguration;
			buildSettings = {
				ASSETCATALOG_COMPILER_APPICON_NAME = AppIcon;
				ASSETCATALOG_COMPILER_GLOBAL_ACCENT_COLOR_NAME = AccentColor;
				CLANG_ENABLE_MODULES = YES;
				CODE_SIGN_STYLE = Automatic;
				DEVELOPMENT_ASSET_PATHS = "\"Faust2AudioKitExample/Preview Content\"";
				DEVELOPMENT_TEAM = 7CVP8N8AP9;
				ENABLE_PREVIEWS = YES;
				INFOPLIST_FILE = Faust2AudioKitExample/Info.plist;
				IPHONEOS_DEPLOYMENT_TARGET = 14.0;
				LD_RUNPATH_SEARCH_PATHS = (
					"$(inherited)",
					"@executable_path/Frameworks",
				);
				PRODUCT_BUNDLE_IDENTIFIER = com.irqzero.Faust2AudioKitExample;
				PRODUCT_NAME = "$(TARGET_NAME)";
				SWIFT_OPTIMIZATION_LEVEL = "-Onone";
				SWIFT_VERSION = 5.0;
				TARGETED_DEVICE_FAMILY = "1,2";
			};
			name = Debug;
		};
		BAFE6D2725E7AFB30020DADA /* Release */ = {
			isa = XCBuildConfiguration;
			buildSettings = {
				ASSETCATALOG_COMPILER_APPICON_NAME = AppIcon;
				ASSETCATALOG_COMPILER_GLOBAL_ACCENT_COLOR_NAME = AccentColor;
				CLANG_ENABLE_MODULES = YES;
				CODE_SIGN_STYLE = Automatic;
				DEVELOPMENT_ASSET_PATHS = "\"Faust2AudioKitExample/Preview Content\"";
				DEVELOPMENT_TEAM = 7CVP8N8AP9;
				ENABLE_PREVIEWS = YES;
				INFOPLIST_FILE = Faust2AudioKitExample/Info.plist;
				IPHONEOS_DEPLOYMENT_TARGET = 14.0;
				LD_RUNPATH_SEARCH_PATHS = (
					"$(inherited)",
					"@executable_path/Frameworks",
				);
				PRODUCT_BUNDLE_IDENTIFIER = com.irqzero.Faust2AudioKitExample;
				PRODUCT_NAME = "$(TARGET_NAME)";
				SWIFT_VERSION = 5.0;
				TARGETED_DEVICE_FAMILY = "1,2";
			};
			name = Release;
		};
/* End XCBuildConfiguration section */

/* Begin XCConfigurationList section */
		BAFE6D1125E7AFB10020DADA /* Build configuration list for PBXProject "Faust2AudioKitExample" */ = {
			isa = XCConfigurationList;
			buildConfigurations = (
				BAFE6D2325E7AFB30020DADA /* Debug */,
				BAFE6D2425E7AFB30020DADA /* Release */,
			);
			defaultConfigurationIsVisible = 0;
			defaultConfigurationName = Release;
		};
		BAFE6D2525E7AFB30020DADA /* Build configuration list for PBXNativeTarget "Faust2AudioKitExample" */ = {
			isa = XCConfigurationList;
			buildConfigurations = (
				BAFE6D2625E7AFB30020DADA /* Debug */,
				BAFE6D2725E7AFB30020DADA /* Release */,
			);
			defaultConfigurationIsVisible = 0;
			defaultConfigurationName = Release;
		};
/* End XCConfigurationList section */

/* Begin XCSwiftPackageProductDependency section */
		BA39B53025FA3C9400907939 /* AudioKit */ = {
			isa = XCSwiftPackageProductDependency;
			productName = AudioKit;
		};
/* End XCSwiftPackageProductDependency section */
	};
	rootObject = BAFE6D0E25E7AFB10020DADA /* Project object */;
}
